Microsoft Visual Studio Solution File, Format Version 12.00
# Visual Studio 2012
Project("{FAE04EC0-301F-11D3-BF4B-00C04F79EFBC}") = "GardensOfGnome", "GardensOfGnome.csproj", "{70289863-2F57-462A-B18C-26365C6F7741}"
EndProject
Global
    GlobalSection(SolutionConfigurationPlatforms) = preSolution
    Debug|Any CPU = Debug|Any CPU
    ExportDebug|Any CPU = ExportDebug|Any CPU
    ExportRelease|Any CPU = ExportRelease|Any CPU
    EndGlobalSection
    GlobalSection(ProjectConfigurationPlatforms) = postSolution
        {70289863-2F57-462A-B18C-26365C6F7741}.Debug|Any CPU.ActiveCfg = Debug|Any CPU
        {70289863-2F57-462A-B18C-26365C6F7741}.Debug|Any CPU.Build.0 = Debug|Any CPU
        {70289863-2F57-462A-B18C-26365C6F7741}.ExportDebug|Any CPU.ActiveCfg = ExportDebug|Any CPU
        {70289863-2F57-462A-B18C-26365C6F7741}.ExportDebug|Any CPU.Build.0 = ExportDebug|Any CPU
        {70289863-2F57-462A-B18C-26365C6F7741}.ExportRelease|Any CPU.ActiveCfg = ExportRelease|Any CPU
        {70289863-2F57-462A-B18C-26365C6F7741}.ExportRelease|Any CPU.Build.0 = ExportRelease|Any CPU
    EndGlobalSection
EndGlobal
